uuid: a2210d80-b4bd-4b5d-9ffd-7854b229bcf3
langcode: en
status: true
dependencies:
  module:
    - redfin_connect
  theme:
    - oc_bootstrap
id: oc_bootstrap_redfinconnectblock
theme: oc_bootstrap
region: header
weight: -4
provider: null
plugin: redfin_connect_block
settings:
  id: redfin_connect_block
  label: 'Redfin Connect Block'
  provider: redfin_connect
  label_display: '0'
  telephone: ''
  email: info@redfinrecruitment.com
  address_line1: 'The Enterprise Centre'
  address_line2: 'Manchester, United Kingdom'
  linkedin: company/redfinrecruitmentltd
  facebook: ''
  twitter: ''
  instagram: ''
visibility: {  }
